
Microsoft Visual Studio Solution File, Format Version 12.00
# Visual Studio Version 18
VisualStudioVersion = 18.4.11626.88 stable
MinimumVisualStudioVersion = 10.0.40219.1
Project("{FAE04EC0-301F-11D3-BF4B-00C04F79EFBC}") = "CryptoPriceAggregator_BackendPractice3", "CryptoPriceAggregator_BackendPractice3.csproj", "{9F0F03A3-D91E-012D-3420-AA0FF80E47F0}"
EndProject
Global
	GlobalSection(SolutionConfigurationPlatforms) = preSolution
		Debug|Any CPU = Debug|Any CPU
		Release|Any CPU = Release|Any CPU
	EndGlobalSection
	GlobalSection(ProjectConfigurationPlatforms) = postSolution
		{9F0F03A3-D91E-012D-3420-AA0FF80E47F0}.Debug|Any CPU.ActiveCfg = Debug|Any CPU
		{9F0F03A3-D91E-012D-3420-AA0FF80E47F0}.Debug|Any CPU.Build.0 = Debug|Any CPU
		{9F0F03A3-D91E-012D-3420-AA0FF80E47F0}.Release|Any CPU.ActiveCfg = Release|Any CPU
		{9F0F03A3-D91E-012D-3420-AA0FF80E47F0}.Release|Any CPU.Build.0 = Release|Any CPU
	EndGlobalSection
	GlobalSection(SolutionProperties) = preSolution
		HideSolutionNode = FALSE
	EndGlobalSection
	GlobalSection(ExtensibilityGlobals) = postSolution
		SolutionGuid = {8F4ED8C4-691A-4D49-9ED4-CCCDAE0C26F9}
	EndGlobalSection
EndGlobal
